
Microsoft Visual Studio Solution File, Format Version 12.00
# Visual Studio Version 16
VisualStudioVersion = 16.0.30523.141
MinimumVisualStudioVersion = 10.0.40219.1
Project("{FAE04EC0-301F-11D3-BF4B-00C04F79EFBC}") = "A896103.Actividad01", "A896103.Actividad01.csproj", "{072E8313-5338-40BB-B251-18C025E21855}"
EndProject
Global
	GlobalSection(SolutionConfigurationPlatforms) = preSolution
		Debug|Any CPU = Debug|Any CPU
		Release|Any CPU = Release|Any CPU
	EndGlobalSection
	GlobalSection(ProjectConfigurationPlatforms) = postSolution
		{072E8313-5338-40BB-B251-18C025E21855}.Debug|Any CPU.ActiveCfg = Debug|Any CPU
		{072E8313-5338-40BB-B251-18C025E21855}.Debug|Any CPU.Build.0 = Debug|Any CPU
		{072E8313-5338-40BB-B251-18C025E21855}.Release|Any CPU.ActiveCfg = Release|Any CPU
		{072E8313-5338-40BB-B251-18C025E21855}.Release|Any CPU.Build.0 = Release|Any CPU
	EndGlobalSection
	GlobalSection(SolutionProperties) = preSolution
		HideSolutionNode = FALSE
	EndGlobalSection
	GlobalSection(ExtensibilityGlobals) = postSolution
		SolutionGuid = {58C5C221-3529-476E-84C3-453BE493B056}
	EndGlobalSection
EndGlobal
